PODS:
  - Alamofire (5.0.5)
  - HDAugmentedReality (3.0.0)
  - JGProgressHUD (2.1)
  - LBTATools (1.0.12)
  - SDWebImage (5.6.1):
    - SDWebImage/Core (= 5.6.1)
  - SDWebImage/Core (5.6.1)

DEPENDENCIES:
  - Alamofire
  - HDAugmentedReality
  - JGProgressHUD
  - LBTATools
  - SDWebImage

SPEC REPOS:
  trunk:
    - Alamofire
    - HDAugmentedReality
    - JGProgressHUD
    - LBTATools
    - SDWebImage

SPEC CHECKSUMS:
  Alamofire: df2f8f826963b08b9a870791ad48e07a10090b2e
  HDAugmentedReality: ff518e9c08704261b4226ffa820464aa5a9b1626
  JGProgressHUD: aa403e9a5b45cae98903c4600cccdd98c0c3ec90
  LBTATools: 389a901a01b9a56bea5682c40cd6e23530f40015
  SDWebImage: 7edb9c3ea661e77a66661f7f044de8c1b55d1120

PODFILE CHECKSUM: 52d83c7b5766f408470b69fd8237dc4a4199fa12

COCOAPODS: 1.8.4
